
Microsoft Visual Studio Solution File, Format Version 12.00
# Visual Studio 15
VisualStudioVersion = 15.0.26124.0
MinimumVisualStudioVersion = 15.0.26124.0
Project("{2150E333-8FDC-42A3-9474-1A3956D46DE8}") = "src", "src", "{6F8C0C35-349F-459A-B516-40D28C422061}"
EndProject
Project("{2150E333-8FDC-42A3-9474-1A3956D46DE8}") = "test", "test", "{B8832784-BCAB-4197-BF72-F26BCE4C6CBD}"
EndProject
Project("{FAE04EC0-301F-11D3-BF4B-00C04F79EFBC}") = "Soccer.WebApi", "src\Soccer.WebApi\Soccer.WebApi.csproj", "{0AFE6645-8911-4E73-997F-5243B782F902}"
EndProject
Project("{FAE04EC0-301F-11D3-BF4B-00C04F79EFBC}") = "Soccer.Application", "src\Soccer.Application\Soccer.Application.csproj", "{741A27DE-532D-4F65-9B8F-94E660A920EA}"
EndProject
Project("{FAE04EC0-301F-11D3-BF4B-00C04F79EFBC}") = "Soccer.Domain", "src\Soccer.Domain\Soccer.Domain.csproj", "{F32646D1-0167-476A-A5CF-12BDEBC2E458}"
EndProject
Project("{FAE04EC0-301F-11D3-BF4B-00C04F79EFBC}") = "Soccer.Domain.UnitTests", "test\Soccer.Domain.UnitTests\Soccer.Domain.UnitTests.csproj", "{BD3C44FE-53A9-4CC6-93F9-2E595CC6ECEF}"
EndProject
Project("{FAE04EC0-301F-11D3-BF4B-00C04F79EFBC}") = "Soccer.Application.UnitTests", "test\Soccer.Application.UnitTests\Soccer.Application.UnitTests.csproj", "{A3BC9C90-FBA1-4028-8DB0-7FE9E53C3E80}"
EndProject
Project("{FAE04EC0-301F-11D3-BF4B-00C04F79EFBC}") = "Soccer.Infra.Repository.InMemory", "src\Soccer.Infra.Repository.InMemory\Soccer.Infra.Repository.InMemory.csproj", "{DC8680B0-4768-410F-8368-339EB616875B}"
EndProject
Project("{FAE04EC0-301F-11D3-BF4B-00C04F79EFBC}") = "Soccer.IntegrationTests", "test\Soccer.IntegrationTests\Soccer.IntegrationTests.csproj", "{09681F3F-56B8-40DD-8D6C-C3062EDF340D}"
EndProject
Global
	GlobalSection(SolutionConfigurationPlatforms) = preSolution
		Debug|Any CPU = Debug|Any CPU
		Debug|x64 = Debug|x64
		Debug|x86 = Debug|x86
		Release|Any CPU = Release|Any CPU
		Release|x64 = Release|x64
		Release|x86 = Release|x86
	EndGlobalSection
	GlobalSection(SolutionProperties) = preSolution
		HideSolutionNode = FALSE
	EndGlobalSection
	GlobalSection(NestedProjects) = preSolution
		{0AFE6645-8911-4E73-997F-5243B782F902} = {6F8C0C35-349F-459A-B516-40D28C422061}
		{741A27DE-532D-4F65-9B8F-94E660A920EA} = {6F8C0C35-349F-459A-B516-40D28C422061}
		{F32646D1-0167-476A-A5CF-12BDEBC2E458} = {6F8C0C35-349F-459A-B516-40D28C422061}
		{BD3C44FE-53A9-4CC6-93F9-2E595CC6ECEF} = {B8832784-BCAB-4197-BF72-F26BCE4C6CBD}
		{A3BC9C90-FBA1-4028-8DB0-7FE9E53C3E80} = {B8832784-BCAB-4197-BF72-F26BCE4C6CBD}
		{DC8680B0-4768-410F-8368-339EB616875B} = {6F8C0C35-349F-459A-B516-40D28C422061}
		{09681F3F-56B8-40DD-8D6C-C3062EDF340D} = {B8832784-BCAB-4197-BF72-F26BCE4C6CBD}
	EndGlobalSection
	GlobalSection(ProjectConfigurationPlatforms) = postSolution
		{0AFE6645-8911-4E73-997F-5243B782F902}.Debug|Any CPU.ActiveCfg = Debug|Any CPU
		{0AFE6645-8911-4E73-997F-5243B782F902}.Debug|Any CPU.Build.0 = Debug|Any CPU
		{0AFE6645-8911-4E73-997F-5243B782F902}.Debug|x64.ActiveCfg = Debug|Any CPU
		{0AFE6645-8911-4E73-997F-5243B782F902}.Debug|x64.Build.0 = Debug|Any CPU
		{0AFE6645-8911-4E73-997F-5243B782F902}.Debug|x86.ActiveCfg = Debug|Any CPU
		{0AFE6645-8911-4E73-997F-5243B782F902}.Debug|x86.Build.0 = Debug|Any CPU
		{0AFE6645-8911-4E73-997F-5243B782F902}.Release|Any CPU.ActiveCfg = Release|Any CPU
		{0AFE6645-8911-4E73-997F-5243B782F902}.Release|Any CPU.Build.0 = Release|Any CPU
		{0AFE6645-8911-4E73-997F-5243B782F902}.Release|x64.ActiveCfg = Release|Any CPU
		{0AFE6645-8911-4E73-997F-5243B782F902}.Release|x64.Build.0 = Release|Any CPU
		{0AFE6645-8911-4E73-997F-5243B782F902}.Release|x86.ActiveCfg = Release|Any CPU
		{0AFE6645-8911-4E73-997F-5243B782F902}.Release|x86.Build.0 = Release|Any CPU
		{741A27DE-532D-4F65-9B8F-94E660A920EA}.Debug|Any CPU.ActiveCfg = Debug|Any CPU
		{741A27DE-532D-4F65-9B8F-94E660A920EA}.Debug|Any CPU.Build.0 = Debug|Any CPU
		{741A27DE-532D-4F65-9B8F-94E660A920EA}.Debug|x64.ActiveCfg = Debug|Any CPU
		{741A27DE-532D-4F65-9B8F-94E660A920EA}.Debug|x64.Build.0 = Debug|Any CPU
		{741A27DE-532D-4F65-9B8F-94E660A920EA}.Debug|x86.ActiveCfg = Debug|Any CPU
		{741A27DE-532D-4F65-9B8F-94E660A920EA}.Debug|x86.Build.0 = Debug|Any CPU
		{741A27DE-532D-4F65-9B8F-94E660A920EA}.Release|Any CPU.ActiveCfg = Release|Any CPU
		{741A27DE-532D-4F65-9B8F-94E660A920EA}.Release|Any CPU.Build.0 = Release|Any CPU
		{741A27DE-532D-4F65-9B8F-94E660A920EA}.Release|x64.ActiveCfg = Release|Any CPU
		{741A27DE-532D-4F65-9B8F-94E660A920EA}.Release|x64.Build.0 = Release|Any CPU
		{741A27DE-532D-4F65-9B8F-94E660A920EA}.Release|x86.ActiveCfg = Release|Any CPU
		{741A27DE-532D-4F65-9B8F-94E660A920EA}.Release|x86.Build.0 = Release|Any CPU
		{F32646D1-0167-476A-A5CF-12BDEBC2E458}.Debug|Any CPU.ActiveCfg = Debug|Any CPU
		{F32646D1-0167-476A-A5CF-12BDEBC2E458}.Debug|Any CPU.Build.0 = Debug|Any CPU
		{F32646D1-0167-476A-A5CF-12BDEBC2E458}.Debug|x64.ActiveCfg = Debug|Any CPU
		{F32646D1-0167-476A-A5CF-12BDEBC2E458}.Debug|x64.Build.0 = Debug|Any CPU
		{F32646D1-0167-476A-A5CF-12BDEBC2E458}.Debug|x86.ActiveCfg = Debug|Any CPU
		{F32646D1-0167-476A-A5CF-12BDEBC2E458}.Debug|x86.Build.0 = Debug|Any CPU
		{F32646D1-0167-476A-A5CF-12BDEBC2E458}.Release|Any CPU.ActiveCfg = Release|Any CPU
		{F32646D1-0167-476A-A5CF-12BDEBC2E458}.Release|Any CPU.Build.0 = Release|Any CPU
		{F32646D1-0167-476A-A5CF-12BDEBC2E458}.Release|x64.ActiveCfg = Release|Any CPU
		{F32646D1-0167-476A-A5CF-12BDEBC2E458}.Release|x64.Build.0 = Release|Any CPU
		{F32646D1-0167-476A-A5CF-12BDEBC2E458}.Release|x86.ActiveCfg = Release|Any CPU
		{F32646D1-0167-476A-A5CF-12BDEBC2E458}.Release|x86.Build.0 = Release|Any CPU
		{BD3C44FE-53A9-4CC6-93F9-2E595CC6ECEF}.Debug|Any CPU.ActiveCfg = Debug|Any CPU
		{BD3C44FE-53A9-4CC6-93F9-2E595CC6ECEF}.Debug|Any CPU.Build.0 = Debug|Any CPU
		{BD3C44FE-53A9-4CC6-93F9-2E595CC6ECEF}.Debug|x64.ActiveCfg = Debug|Any CPU
		{BD3C44FE-53A9-4CC6-93F9-2E595CC6ECEF}.Debug|x64.Build.0 = Debug|Any CPU
		{BD3C44FE-53A9-4CC6-93F9-2E595CC6ECEF}.Debug|x86.ActiveCfg = Debug|Any CPU
		{BD3C44FE-53A9-4CC6-93F9-2E595CC6ECEF}.Debug|x86.Build.0 = Debug|Any CPU
		{BD3C44FE-53A9-4CC6-93F9-2E595CC6ECEF}.Release|Any CPU.ActiveCfg = Release|Any CPU
		{BD3C44FE-53A9-4CC6-93F9-2E595CC6ECEF}.Release|Any CPU.Build.0 = Release|Any CPU
		{BD3C44FE-53A9-4CC6-93F9-2E595CC6ECEF}.Release|x64.ActiveCfg = Release|Any CPU
		{BD3C44FE-53A9-4CC6-93F9-2E595CC6ECEF}.Release|x64.Build.0 = Release|Any CPU
		{BD3C44FE-53A9-4CC6-93F9-2E595CC6ECEF}.Release|x86.ActiveCfg = Release|Any CPU
		{BD3C44FE-53A9-4CC6-93F9-2E595CC6ECEF}.Release|x86.Build.0 = Release|Any CPU
		{A3BC9C90-FBA1-4028-8DB0-7FE9E53C3E80}.Debug|Any CPU.ActiveCfg = Debug|Any CPU
		{A3BC9C90-FBA1-4028-8DB0-7FE9E53C3E80}.Debug|Any CPU.Build.0 = Debug|Any CPU
		{A3BC9C90-FBA1-4028-8DB0-7FE9E53C3E80}.Debug|x64.ActiveCfg = Debug|Any CPU
		{A3BC9C90-FBA1-4028-8DB0-7FE9E53C3E80}.Debug|x64.Build.0 = Debug|Any CPU
		{A3BC9C90-FBA1-4028-8DB0-7FE9E53C3E80}.Debug|x86.ActiveCfg = Debug|Any CPU
		{A3BC9C90-FBA1-4028-8DB0-7FE9E53C3E80}.Debug|x86.Build.0 = Debug|Any CPU
		{A3BC9C90-FBA1-4028-8DB0-7FE9E53C3E80}.Release|Any CPU.ActiveCfg = Release|Any CPU
		{A3BC9C90-FBA1-4028-8DB0-7FE9E53C3E80}.Release|Any CPU.Build.0 = Release|Any CPU
		{A3BC9C90-FBA1-4028-8DB0-7FE9E53C3E80}.Release|x64.ActiveCfg = Release|Any CPU
		{A3BC9C90-FBA1-4028-8DB0-7FE9E53C3E80}.Release|x64.Build.0 = Release|Any CPU
		{A3BC9C90-FBA1-4028-8DB0-7FE9E53C3E80}.Release|x86.ActiveCfg = Release|Any CPU
		{A3BC9C90-FBA1-4028-8DB0-7FE9E53C3E80}.Release|x86.Build.0 = Release|Any CPU
		{DC8680B0-4768-410F-8368-339EB616875B}.Debug|Any CPU.ActiveCfg = Debug|Any CPU
		{DC8680B0-4768-410F-8368-339EB616875B}.Debug|Any CPU.Build.0 = Debug|Any CPU
		{DC8680B0-4768-410F-8368-339EB616875B}.Debug|x64.ActiveCfg = Debug|Any CPU
		{DC8680B0-4768-410F-8368-339EB616875B}.Debug|x64.Build.0 = Debug|Any CPU
		{DC8680B0-4768-410F-8368-339EB616875B}.Debug|x86.ActiveCfg = Debug|Any CPU
		{DC8680B0-4768-410F-8368-339EB616875B}.Debug|x86.Build.0 = Debug|Any CPU
		{DC8680B0-4768-410F-8368-339EB616875B}.Release|Any CPU.ActiveCfg = Release|Any CPU
		{DC8680B0-4768-410F-8368-339EB616875B}.Release|Any CPU.Build.0 = Release|Any CPU
		{DC8680B0-4768-410F-8368-339EB616875B}.Release|x64.ActiveCfg = Release|Any CPU
		{DC8680B0-4768-410F-8368-339EB616875B}.Release|x64.Build.0 = Release|Any CPU
		{DC8680B0-4768-410F-8368-339EB616875B}.Release|x86.ActiveCfg = Release|Any CPU
		{DC8680B0-4768-410F-8368-339EB616875B}.Release|x86.Build.0 = Release|Any CPU
		{09681F3F-56B8-40DD-8D6C-C3062EDF340D}.Debug|Any CPU.ActiveCfg = Debug|Any CPU
		{09681F3F-56B8-40DD-8D6C-C3062EDF340D}.Debug|Any CPU.Build.0 = Debug|Any CPU
		{09681F3F-56B8-40DD-8D6C-C3062EDF340D}.Debug|x64.ActiveCfg = Debug|Any CPU
		{09681F3F-56B8-40DD-8D6C-C3062EDF340D}.Debug|x64.Build.0 = Debug|Any CPU
		{09681F3F-56B8-40DD-8D6C-C3062EDF340D}.Debug|x86.ActiveCfg = Debug|Any CPU
		{09681F3F-56B8-40DD-8D6C-C3062EDF340D}.Debug|x86.Build.0 = Debug|Any CPU
		{09681F3F-56B8-40DD-8D6C-C3062EDF340D}.Release|Any CPU.ActiveCfg = Release|Any CPU
		{09681F3F-56B8-40DD-8D6C-C3062EDF340D}.Release|Any CPU.Build.0 = Release|Any CPU
		{09681F3F-56B8-40DD-8D6C-C3062EDF340D}.Release|x64.ActiveCfg = Release|Any CPU
		{09681F3F-56B8-40DD-8D6C-C3062EDF340D}.Release|x64.Build.0 = Release|Any CPU
		{09681F3F-56B8-40DD-8D6C-C3062EDF340D}.Release|x86.ActiveCfg = Release|Any CPU
		{09681F3F-56B8-40DD-8D6C-C3062EDF340D}.Release|x86.Build.0 = Release|Any CPU
	EndGlobalSection
EndGlobal
